// !$*UTF8*$!
{
	archiveVersion = 1;
	classes = {
	};
	objectVersion = 50;
	objects = {

/* Begin PBXBuildFile section */
		463741F621DEAEF700198481 /* AppDelegate.swift in Sources */ = {isa = PBXBuildFile; fileRef = 463741F521DEAEF700198481 /* AppDelegate.swift */; };
		463741F821DEAEF700198481 /* ViewController.swift in Sources */ = {isa = PBXBuildFile; fileRef = 463741F721DEAEF700198481 /* ViewController.swift */; };
		463741FB21DEAEF700198481 /* Main.storyboard in Resources */ = {isa = PBXBuildFile; fileRef = 463741F921DEAEF700198481 /* Main.storyboard */; };
		463741FD21DEAEF900198481 /* Assets.xcassets in Resources */ = {isa = PBXBuildFile; fileRef = 463741FC21DEAEF900198481 /* Assets.xcassets */; };
		4637420021DEAEF900198481 /* LaunchScreen.storyboard in Resources */ = {isa = PBXBuildFile; fileRef = 463741FE21DEAEF900198481 /* LaunchScreen.storyboard */; };
		4637420B21DEAEF900198481 /* Viper_DrawBoardTests.swift in Sources */ = {isa = PBXBuildFile; fileRef = 4637420A21DEAEF900198481 /* Viper_DrawBoardTests.swift */; };
		4637421621DEAEF900198481 /* Viper_DrawBoardUITests.swift in Sources */ = {isa = PBXBuildFile; fileRef = 4637421521DEAEF900198481 /* Viper_DrawBoardUITests.swift */; };
/* End PBXBuildFile section */

/* Begin PBXContainerItemProxy section */
		4637420721DEAEF900198481 /* PBXContainerItemProxy */ = {
			isa = PBXContainerItemProxy;
			containerPortal = 463741EA21DEAEF700198481 /* Project object */;
			proxyType = 1;
			remoteGlobalIDString = 463741F121DEAEF700198481;
			remoteInfo = "Viper+DrawBoard";
		};
		4637421221DEAEF900198481 /* PBXContainerItemProxy */ = {
			isa = PBXContainerItemProxy;
			containerPortal = 463741EA21DEAEF700198481 /* Project object */;
			proxyType = 1;
			remoteGlobalIDString = 463741F121DEAEF700198481;
			remoteInfo = "Viper+DrawBoard";
		};
/* End PBXContainerItemProxy section */

/* Begin PBXFileReference section */
		463741F221DEAEF700198481 /* Viper+DrawBoard.app */ = {isa = PBXFileReference; explicitFileType = wrapper.application; includeInIndex = 0; path = "Viper+DrawBoard.app"; sourceTree = BUILT_PRODUCTS_DIR; };
		463741F521DEAEF700198481 /* AppDelegate.swift */ = {isa = PBXFileReference; lastKnownFileType = sourcecode.swift; path = AppDelegate.swift; sourceTree = "<group>"; };
		463741F721DEAEF700198481 /* ViewController.swift */ = {isa = PBXFileReference; lastKnownFileType = sourcecode.swift; path = ViewController.swift; sourceTree = "<group>"; };
		463741FA21DEAEF700198481 /* Base */ = {isa = PBXFileReference; lastKnownFileType = file.storyboard; name = Base; path = Base.lproj/Main.storyboard; sourceTree = "<group>"; };
		463741FC21DEAEF900198481 /* Assets.xcassets */ = {isa = PBXFileReference; lastKnownFileType = folder.assetcatalog; path = Assets.xcassets; sourceTree = "<group>"; };
		463741FF21DEAEF900198481 /* Base */ = {isa = PBXFileReference; lastKnownFileType = file.storyboard; name = Base; path = Base.lproj/LaunchScreen.storyboard; sourceTree = "<group>"; };
		4637420121DEAEF900198481 /* Info.plist */ = {isa = PBXFileReference; lastKnownFileType = text.plist.xml; path = Info.plist; sourceTree = "<group>"; };
		4637420621DEAEF900198481 /* Viper+DrawBoardTests.xctest */ = {isa = PBXFileReference; explicitFileType = wrapper.cfbundle; includeInIndex = 0; path = "Viper+DrawBoardTests.xctest"; sourceTree = BUILT_PRODUCTS_DIR; };
		4637420A21DEAEF900198481 /* Viper_DrawBoardTests.swift */ = {isa = PBXFileReference; lastKnownFileType = sourcecode.swift; path = Viper_DrawBoardTests.swift; sourceTree = "<group>"; };
		4637420C21DEAEF900198481 /* Info.plist */ = {isa = PBXFileReference; lastKnownFileType = text.plist.xml; path = Info.plist; sourceTree = "<group>"; };
		4637421121DEAEF900198481 /* Viper+DrawBoardUITests.xctest */ = {isa = PBXFileReference; explicitFileType = wrapper.cfbundle; includeInIndex = 0; path = "Viper+DrawBoardUITests.xctest"; sourceTree = BUILT_PRODUCTS_DIR; };
		4637421521DEAEF900198481 /* Viper_DrawBoardUITests.swift */ = {isa = PBXFileReference; lastKnownFileType = sourcecode.swift; path = Viper_DrawBoardUITests.swift; sourceTree = "<group>"; };
		4637421721DEAEF900198481 /* Info.plist */ = {isa = PBXFileReference; lastKnownFileType = text.plist.xml; path = Info.plist; sourceTree = "<group>"; };
/* End PBXFileReference section */

/* Begin PBXFrameworksBuildPhase section */
		463741EF21DEAEF700198481 /* Frameworks */ = {
			isa = PBXFrameworksBuildPhase;
			buildActionMask = 2147483647;
			files = (
			);
			runOnlyForDeploymentPostprocessing = 0;
		};
		4637420321DEAEF900198481 /* Frameworks */ = {
			isa = PBXFrameworksBuildPhase;
			buildActionMask = 2147483647;
			files = (
			);
			runOnlyForDeploymentPostprocessing = 0;
		};
		4637420E21DEAEF900198481 /* Frameworks */ = {
			isa = PBXFrameworksBuildPhase;
			buildActionMask = 2147483647;
			files = (
			);
			runOnlyForDeploymentPostprocessing = 0;
		};
/* End PBXFrameworksBuildPhase section */

/* Begin PBXGroup section */
		463741E921DEAEF700198481 = {
			isa = PBXGroup;
			children = (
				463741F421DEAEF700198481 /* Viper+DrawBoard */,
				4637420921DEAEF900198481 /* Viper+DrawBoardTests */,
				4637421421DEAEF900198481 /* Viper+DrawBoardUITests */,
				463741F321DEAEF700198481 /* Products */,
			);
			sourceTree = "<group>";
		};
		463741F321DEAEF700198481 /* Products */ = {
			isa = PBXGroup;
			children = (
				463741F221DEAEF700198481 /* Viper+DrawBoard.app */,
				4637420621DEAEF900198481 /* Viper+DrawBoardTests.xctest */,
				4637421121DEAEF900198481 /* Viper+DrawBoardUITests.xctest */,
			);
			name = Products;
			sourceTree = "<group>";
		};
		463741F421DEAEF700198481 /* Viper+DrawBoard */ = {
			isa = PBXGroup;
			children = (
				463741F521DEAEF700198481 /* AppDelegate.swift */,
				463741F721DEAEF700198481 /* ViewController.swift */,
				463741F921DEAEF700198481 /* Main.storyboard */,
				463741FC21DEAEF900198481 /* Assets.xcassets */,
				463741FE21DEAEF900198481 /* LaunchScreen.storyboard */,
				4637420121DEAEF900198481 /* Info.plist */,
			);
			path = "Viper+DrawBoard";
			sourceTree = "<group>";
		};
		4637420921DEAEF900198481 /* Viper+DrawBoardTests */ = {
			isa = PBXGroup;
			children = (
				4637420A21DEAEF900198481 /* Viper_DrawBoardTests.swift */,
				4637420C21DEAEF900198481 /* Info.plist */,
			);
			path = "Viper+DrawBoardTests";
			sourceTree = "<group>";
		};
		4637421421DEAEF900198481 /* Viper+DrawBoardUITests */ = {
			isa = PBXGroup;
			children = (
				4637421521DEAEF900198481 /* Viper_DrawBoardUITests.swift */,
				4637421721DEAEF900198481 /* Info.plist */,
			);
			path = "Viper+DrawBoardUITests";
			sourceTree = "<group>";
		};
/* End PBXGroup section */

/* Begin PBXNativeTarget section */
		463741F121DEAEF700198481 /* Viper+DrawBoard */ = {
			isa = PBXNativeTarget;
			buildConfigurationList = 4637421A21DEAEF900198481 /* Build configuration list for PBXNativeTarget "Viper+DrawBoard" */;
			buildPhases = (
				463741EE21DEAEF700198481 /* Sources */,
				463741EF21DEAEF700198481 /* Frameworks */,
				463741F021DEAEF700198481 /* Resources */,
			);
			buildRules = (
			);
			dependencies = (
			);
			name = "Viper+DrawBoard";
			productName = "Viper+DrawBoard";
			productReference = 463741F221DEAEF700198481 /* Viper+DrawBoard.app */;
			productType = "com.apple.product-type.application";
		};
		4637420521DEAEF900198481 /* Viper+DrawBoardTests */ = {
			isa = PBXNativeTarget;
			buildConfigurationList = 4637421D21DEAEF900198481 /* Build configuration list for PBXNativeTarget "Viper+DrawBoardTests" */;
			buildPhases = (
				4637420221DEAEF900198481 /* Sources */,
				4637420321DEAEF900198481 /* Frameworks */,
				4637420421DEAEF900198481 /* Resources */,
			);
			buildRules = (
			);
			dependencies = (
				4637420821DEAEF900198481 /* PBXTargetDependency */,
			);
			name = "Viper+DrawBoardTests";
			productName = "Viper+DrawBoardTests";
			productReference = 4637420621DEAEF900198481 /* Viper+DrawBoardTests.xctest */;
			productType = "com.apple.product-type.bundle.unit-test";
		};
		4637421021DEAEF900198481 /* Viper+DrawBoardUITests */ = {
			isa = PBXNativeTarget;
			buildConfigurationList = 4637422021DEAEF900198481 /* Build configuration list for PBXNativeTarget "Viper+DrawBoardUITests" */;
			buildPhases = (
				4637420D21DEAEF900198481 /* Sources */,
				4637420E21DEAEF900198481 /* Frameworks */,
				4637420F21DEAEF900198481 /* Resources */,
			);
			buildRules = (
			);
			dependencies = (
				4637421321DEAEF900198481 /* PBXTargetDependency */,
			);
			name = "Viper+DrawBoardUITests";
			productName = "Viper+DrawBoardUITests";
			productReference = 4637421121DEAEF900198481 /* Viper+DrawBoardUITests.xctest */;
			productType = "com.apple.product-type.bundle.ui-testing";
		};
/* End PBXNativeTarget section */

/* Begin PBXProject section */
		463741EA21DEAEF700198481 /* Project object */ = {
			isa = PBXProject;
			attributes = {
				LastSwiftUpdateCheck = 1010;
				LastUpgradeCheck = 1010;
				ORGANIZATIONNAME = huerdo;
				TargetAttributes = {
					463741F121DEAEF700198481 = {
						CreatedOnToolsVersion = 10.1;
					};
					4637420521DEAEF900198481 = {
						CreatedOnToolsVersion = 10.1;
						TestTargetID = 463741F121DEAEF700198481;
					};
					4637421021DEAEF900198481 = {
						CreatedOnToolsVersion = 10.1;
						TestTargetID = 463741F121DEAEF700198481;
					};
				};
			};
			buildConfigurationList = 463741ED21DEAEF700198481 /* Build configuration list for PBXProject "Viper+DrawBoard" */;
			compatibilityVersion = "Xcode 9.3";
			developmentRegion = en;
			hasScannedForEncodings = 0;
			knownRegions = (
				en,
				Base,
			);
			mainGroup = 463741E921DEAEF700198481;
			productRefGroup = 463741F321DEAEF700198481 /* Products */;
			projectDirPath = "";
			projectRoot = "";
			targets = (
				463741F121DEAEF700198481 /* Viper+DrawBoard */,
				4637420521DEAEF900198481 /* Viper+DrawBoardTests */,
				4637421021DEAEF900198481 /* Viper+DrawBoardUITests */,
			);
		};
/* End PBXProject section */

/* Begin PBXResourcesBuildPhase section */
		463741F021DEAEF700198481 /* Resources */ = {
			isa = PBXResourcesBuildPhase;
			buildActionMask = 2147483647;
			files = (
				4637420021DEAEF900198481 /* LaunchScreen.storyboard in Resources */,
				463741FD21DEAEF900198481 /* Assets.xcassets in Resources */,
				463741FB21DEAEF700198481 /* Main.storyboard in Resources */,
			);
			runOnlyForDeploymentPostprocessing = 0;
		};
		4637420421DEAEF900198481 /* Resources */ = {
			isa = PBXResourcesBuildPhase;
			buildActionMask = 2147483647;
			files = (
			);
			runOnlyForDeploymentPostprocessing = 0;
		};
		4637420F21DEAEF900198481 /* Resources */ = {
			isa = PBXResourcesBuildPhase;
			buildActionMask = 2147483647;
			files = (
			);
			runOnlyForDeploymentPostprocessing = 0;
		};
/* End PBXResourcesBuildPhase section */

/* Begin PBXSourcesBuildPhase section */
		463741EE21DEAEF700198481 /* Sources */ = {
			isa = PBXSourcesBuildPhase;
			buildActionMask = 2147483647;
			files = (
				463741F821DEAEF700198481 /* ViewController.swift in Sources */,
				463741F621DEAEF700198481 /* AppDelegate.swift in Sources */,
			);
			runOnlyForDeploymentPostprocessing = 0;
		};
		4637420221DEAEF900198481 /* Sources */ = {
			isa = PBXSourcesBuildPhase;
			buildActionMask = 2147483647;
			files = (
				4637420B21DEAEF900198481 /* Viper_DrawBoardTests.swift in Sources */,
			);
			runOnlyForDeploymentPostprocessing = 0;
		};
		4637420D21DEAEF900198481 /* Sources */ = {
			isa = PBXSourcesBuildPhase;
			buildActionMask = 2147483647;
			files = (
				4637421621DEAEF900198481 /* Viper_DrawBoardUITests.swift in Sources */,
			);
			runOnlyForDeploymentPostprocessing = 0;
		};
/* End PBXSourcesBuildPhase section */

/* Begin PBXTargetDependency section */
		4637420821DEAEF900198481 /* PBXTargetDependency */ = {
			isa = PBXTargetDependency;
			target = 463741F121DEAEF700198481 /* Viper+DrawBoard */;
			targetProxy = 4637420721DEAEF900198481 /* PBXContainerItemProxy */;
		};
		4637421321DEAEF900198481 /* PBXTargetDependency */ = {
			isa = PBXTargetDependency;
			target = 463741F121DEAEF700198481 /* Viper+DrawBoard */;
			targetProxy = 4637421221DEAEF900198481 /* PBXContainerItemProxy */;
		};
/* End PBXTargetDependency section */

/* Begin PBXVariantGroup section */
		463741F921DEAEF700198481 /* Main.storyboard */ = {
			isa = PBXVariantGroup;
			children = (
				463741FA21DEAEF700198481 /* Base */,
			);
			name = Main.storyboard;
			sourceTree = "<group>";
		};
		463741FE21DEAEF900198481 /* LaunchScreen.storyboard */ = {
			isa = PBXVariantGroup;
			children = (
				463741FF21DEAEF900198481 /* Base */,
			);
			name = LaunchScreen.storyboard;
			sourceTree = "<group>";
		};
/* End PBXVariantGroup section */

/* Begin XCBuildConfiguration section */
		4637421821DEAEF900198481 /* Debug */ = {
			isa = XCBuildConfiguration;
			buildSettings = {
				ALWAYS_SEARCH_USER_PATHS = NO;
				CLANG_ANALYZER_NONNULL = YES;
				CLANG_ANALYZER_NUMBER_OBJECT_CONVERSION = YES_AGGRESSIVE;
				CLANG_CXX_LANGUAGE_STANDARD = "gnu++14";
				CLANG_CXX_LIBRARY = "libc++";
				CLANG_ENABLE_MODULES = YES;
				CLANG_ENABLE_OBJC_ARC = YES;
				CLANG_ENABLE_OBJC_WEAK = YES;
				CLANG_WARN_BLOCK_CAPTURE_AUTORELEASING = YES;
				CLANG_WARN_BOOL_CONVERSION = YES;
				CLANG_WARN_COMMA = YES;
				CLANG_WARN_CONSTANT_CONVERSION = YES;
				CLANG_WARN_DEPRECATED_OBJC_IMPLEMENTATIONS = YES;
				CLANG_WARN_DIRECT_OBJC_ISA_USAGE = YES_ERROR;
				CLANG_WARN_DOCUMENTATION_COMMENTS = YES;
				CLANG_WARN_EMPTY_BODY = YES;
				CLANG_WARN_ENUM_CONVERSION = YES;
				CLANG_WARN_INFINITE_RECURSION = YES;
				CLANG_WARN_INT_CONVERSION = YES;
				CLANG_WARN_NON_LITERAL_NULL_CONVERSION = YES;
				CLANG_WARN_OBJC_IMPLICIT_RETAIN_SELF = YES;
				CLANG_WARN_OBJC_LITERAL_CONVERSION = YES;
				CLANG_WARN_OBJC_ROOT_CLASS = YES_ERROR;
				CLANG_WARN_RANGE_LOOP_ANALYSIS = YES;
				CLANG_WARN_STRICT_PROTOTYPES = YES;
				CLANG_WARN_SUSPICIOUS_MOVE = YES;
				CLANG_WARN_UNGUARDED_AVAILABILITY = YES_AGGRESSIVE;
				CLANG_WARN_UNREACHABLE_CODE = YES;
				CLANG_WARN__DUPLICATE_METHOD_MATCH = YES;
				CODE_SIGN_IDENTITY = "iPhone Developer";
				COPY_PHASE_STRIP = NO;
				DEBUG_INFORMATION_FORMAT = dwarf;
				ENABLE_STRICT_OBJC_MSGSEND = YES;
				ENABLE_TESTABILITY = YES;
				GCC_C_LANGUAGE_STANDARD = gnu11;
				GCC_DYNAMIC_NO_PIC = NO;
				GCC_NO_COMMON_BLOCKS = YES;
				GCC_OPTIMIZATION_LEVEL = 0;
				GCC_PREPROCESSOR_DEFINITIONS = (
					"DEBUG=1",
					"$(inherited)",
				);
				GCC_WARN_64_TO_32_BIT_CONVERSION = YES;
				GCC_WARN_ABOUT_RETURN_TYPE = YES_ERROR;
				GCC_WARN_UNDECLARED_SELECTOR = YES;
				GCC_WARN_UNINITIALIZED_AUTOS = YES_AGGRESSIVE;
				GCC_WARN_UNUSED_FUNCTION = YES;
				GCC_WARN_UNUSED_VARIABLE = YES;
				IPHONEOS_DEPLOYMENT_TARGET = 12.1;
				MTL_ENABLE_DEBUG_INFO = INCLUDE_SOURCE;
				MTL_FAST_MATH = YES;
				ONLY_ACTIVE_ARCH = YES;
				SDKROOT = iphoneos;
				SWIFT_ACTIVE_COMPILATION_CONDITIONS = DEBUG;
				SWIFT_OPTIMIZATION_LEVEL = "-Onone";
			};
			name = Debug;
		};
		4637421921DEAEF900198481 /* Release */ = {
			isa = XCBuildConfiguration;
			buildSettings = {
				ALWAYS_SEARCH_USER_PATHS = NO;
				CLANG_ANALYZER_NONNULL = YES;
				CLANG_ANALYZER_NUMBER_OBJECT_CONVERSION = YES_AGGRESSIVE;
				CLANG_CXX_LANGUAGE_STANDARD = "gnu++14";
				CLANG_CXX_LIBRARY = "libc++";
				CLANG_ENABLE_MODULES = YES;
				CLANG_ENABLE_OBJC_ARC = YES;
				CLANG_ENABLE_OBJC_WEAK = YES;
				CLANG_WARN_BLOCK_CAPTURE_AUTORELEASING = YES;
				CLANG_WARN_BOOL_CONVERSION = YES;
				CLANG_WARN_COMMA = YES;
				CLANG_WARN_CONSTANT_CONVERSION = YES;
				CLANG_WARN_DEPRECATED_OBJC_IMPLEMENTATIONS = YES;
				CLANG_WARN_DIRECT_OBJC_ISA_USAGE = YES_ERROR;
				CLANG_WARN_DOCUMENTATION_COMMENTS = YES;
				CLANG_WARN_EMPTY_BODY = YES;
				CLANG_WARN_ENUM_CONVERSION = YES;
				CLANG_WARN_INFINITE_RECURSION = YES;
				CLANG_WARN_INT_CONVERSION = YES;
				CLANG_WARN_NON_LITERAL_NULL_CONVERSION = YES;
				CLANG_WARN_OBJC_IMPLICIT_RETAIN_SELF = YES;
				CLANG_WARN_OBJC_LITERAL_CONVERSION = YES;
				CLANG_WARN_OBJC_ROOT_CLASS = YES_ERROR;
				CLANG_WARN_RANGE_LOOP_ANALYSIS = YES;
				CLANG_WARN_STRICT_PROTOTYPES = YES;
				CLANG_WARN_SUSPICIOUS_MOVE = YES;
				CLANG_WARN_UNGUARDED_AVAILABILITY = YES_AGGRESSIVE;
				CLANG_WARN_UNREACHABLE_CODE = YES;
				CLANG_WARN__DUPLICATE_METHOD_MATCH = YES;
				CODE_SIGN_IDENTITY = "iPhone Developer";
				COPY_PHASE_STRIP = NO;
				DEBUG_INFORMATION_FORMAT = "dwarf-with-dsym";
				ENABLE_NS_ASSERTIONS = NO;
				ENABLE_STRICT_OBJC_MSGSEND = YES;
				GCC_C_LANGUAGE_STANDARD = gnu11;
				GCC_NO_COMMON_BLOCKS = YES;
				GCC_WARN_64_TO_32_BIT_CONVERSION = YES;
				GCC_WARN_ABOUT_RETURN_TYPE = YES_ERROR;
				GCC_WARN_UNDECLARED_SELECTOR = YES;
				GCC_WARN_UNINITIALIZED_AUTOS = YES_AGGRESSIVE;
				GCC_WARN_UNUSED_FUNCTION = YES;
				GCC_WARN_UNUSED_VARIABLE = YES;
				IPHONEOS_DEPLOYMENT_TARGET = 12.1;
				MTL_ENABLE_DEBUG_INFO = NO;
				MTL_FAST_MATH = YES;
				SDKROOT = iphoneos;
				SWIFT_COMPILATION_MODE = wholemodule;
				SWIFT_OPTIMIZATION_LEVEL = "-O";
				VALIDATE_PRODUCT = YES;
			};
			name = Release;
		};
		4637421B21DEAEF900198481 /* Debug */ = {
			isa = XCBuildConfiguration;
			buildSettings = {
				ASSETCATALOG_COMPILER_APPICON_NAME = AppIcon;
				CODE_SIGN_STYLE = Automatic;
				DEVELOPMENT_TEAM = W7764ZQNWC;
				INFOPLIST_FILE = "Viper+DrawBoard/Info.plist";
				LD_RUNPATH_SEARCH_PATHS = (
					"$(inherited)",
					"@executable_path/Frameworks",
				);
				PRODUCT_BUNDLE_IDENTIFIER = "com.huerdo.Viper-DrawBoard";
				PRODUCT_NAME = "$(TARGET_NAME)";
				SWIFT_VERSION = 4.2;
				TARGETED_DEVICE_FAMILY = "1,2";
			};
			name = Debug;
		};
		4637421C21DEAEF900198481 /* Release */ = {
			isa = XCBuildConfiguration;
			buildSettings = {
				ASSETCATALOG_COMPILER_APPICON_NAME = AppIcon;
				CODE_SIGN_STYLE = Automatic;
				DEVELOPMENT_TEAM = W7764ZQNWC;
				INFOPLIST_FILE = "Viper+DrawBoard/Info.plist";
				LD_RUNPATH_SEARCH_PATHS = (
					"$(inherited)",
					"@executable_path/Frameworks",
				);
				PRODUCT_BUNDLE_IDENTIFIER = "com.huerdo.Viper-DrawBoard";
				PRODUCT_NAME = "$(TARGET_NAME)";
				SWIFT_VERSION = 4.2;
				TARGETED_DEVICE_FAMILY = "1,2";
			};
			name = Release;
		};
		4637421E21DEAEF900198481 /* Debug */ = {
			isa = XCBuildConfiguration;
			buildSettings = {
				ALWAYS_EMBED_SWIFT_STANDARD_LIBRARIES = YES;
				BUNDLE_LOADER = "$(TEST_HOST)";
				CODE_SIGN_STYLE = Automatic;
				DEVELOPMENT_TEAM = W7764ZQNWC;
				INFOPLIST_FILE = "Viper+DrawBoardTests/Info.plist";
				LD_RUNPATH_SEARCH_PATHS = (
					"$(inherited)",
					"@executable_path/Frameworks",
					"@loader_path/Frameworks",
				);
				PRODUCT_BUNDLE_IDENTIFIER = "com.huerdo.Viper-DrawBoardTests";
				PRODUCT_NAME = "$(TARGET_NAME)";
				SWIFT_VERSION = 4.2;
				TARGETED_DEVICE_FAMILY = "1,2";
				TEST_HOST = "$(BUILT_PRODUCTS_DIR)/Viper+DrawBoard.app/Viper+DrawBoard";
			};
			name = Debug;
		};
		4637421F21DEAEF900198481 /* Release */ = {
			isa = XCBuildConfiguration;
			buildSettings = {
				ALWAYS_EMBED_SWIFT_STANDARD_LIBRARIES = YES;
				BUNDLE_LOADER = "$(TEST_HOST)";
				CODE_SIGN_STYLE = Automatic;
				DEVELOPMENT_TEAM = W7764ZQNWC;
				INFOPLIST_FILE = "Viper+DrawBoardTests/Info.plist";
				LD_RUNPATH_SEARCH_PATHS = (
					"$(inherited)",
					"@executable_path/Frameworks",
					"@loader_path/Frameworks",
				);
				PRODUCT_BUNDLE_IDENTIFIER = "com.huerdo.Viper-DrawBoardTests";
				PRODUCT_NAME = "$(TARGET_NAME)";
				SWIFT_VERSION = 4.2;
				TARGETED_DEVICE_FAMILY = "1,2";
				TEST_HOST = "$(BUILT_PRODUCTS_DIR)/Viper+DrawBoard.app/Viper+DrawBoard";
			};
			name = Release;
		};
		4637422121DEAEF900198481 /* Debug */ = {
			isa = XCBuildConfiguration;
			buildSettings = {
				ALWAYS_EMBED_SWIFT_STANDARD_LIBRARIES = YES;
				CODE_SIGN_STYLE = Automatic;
				DEVELOPMENT_TEAM = W7764ZQNWC;
				INFOPLIST_FILE = "Viper+DrawBoardUITests/Info.plist";
				LD_RUNPATH_SEARCH_PATHS = (
					"$(inherited)",
					"@executable_path/Frameworks",
					"@loader_path/Frameworks",
				);
				PRODUCT_BUNDLE_IDENTIFIER = "com.huerdo.Viper-DrawBoardUITests";
				PRODUCT_NAME = "$(TARGET_NAME)";
				SWIFT_VERSION = 4.2;
				TARGETED_DEVICE_FAMILY = "1,2";
				TEST_TARGET_NAME = "Viper+DrawBoard";
			};
			name = Debug;
		};
		4637422221DEAEF900198481 /* Release */ = {
			isa = XCBuildConfiguration;
			buildSettings = {
				ALWAYS_EMBED_SWIFT_STANDARD_LIBRARIES = YES;
				CODE_SIGN_STYLE = Automatic;
				DEVELOPMENT_TEAM = W7764ZQNWC;
				INFOPLIST_FILE = "Viper+DrawBoardUITests/Info.plist";
				LD_RUNPATH_SEARCH_PATHS = (
					"$(inherited)",
					"@executable_path/Frameworks",
					"@loader_path/Frameworks",
				);
				PRODUCT_BUNDLE_IDENTIFIER = "com.huerdo.Viper-DrawBoardUITests";
				PRODUCT_NAME = "$(TARGET_NAME)";
				SWIFT_VERSION = 4.2;
				TARGETED_DEVICE_FAMILY = "1,2";
				TEST_TARGET_NAME = "Viper+DrawBoard";
			};
			name = Release;
		};
/* End XCBuildConfiguration section */

/* Begin XCConfigurationList section */
		463741ED21DEAEF700198481 /* Build configuration list for PBXProject "Viper+DrawBoard" */ = {
			isa = XCConfigurationList;
			buildConfigurations = (
				4637421821DEAEF900198481 /* Debug */,
				4637421921DEAEF900198481 /* Release */,
			);
			defaultConfigurationIsVisible = 0;
			defaultConfigurationName = Release;
		};
		4637421A21DEAEF900198481 /* Build configuration list for PBXNativeTarget "Viper+DrawBoard" */ = {
			isa = XCConfigurationList;
			buildConfigurations = (
				4637421B21DEAEF900198481 /* Debug */,
				4637421C21DEAEF900198481 /* Release */,
			);
			defaultConfigurationIsVisible = 0;
			defaultConfigurationName = Release;
		};
		4637421D21DEAEF900198481 /* Build configuration list for PBXNativeTarget "Viper+DrawBoardTests" */ = {
			isa = XCConfigurationList;
			buildConfigurations = (
				4637421E21DEAEF900198481 /* Debug */,
				4637421F21DEAEF900198481 /* Release */,
			);
			defaultConfigurationIsVisible = 0;
			defaultConfigurationName = Release;
		};
		4637422021DEAEF900198481 /* Build configuration list for PBXNativeTarget "Viper+DrawBoardUITests" */ = {
			isa = XCConfigurationList;
			buildConfigurations = (
				4637422121DEAEF900198481 /* Debug */,
				4637422221DEAEF900198481 /* Release */,
			);
			defaultConfigurationIsVisible = 0;
			defaultConfigurationName = Release;
		};
/* End XCConfigurationList section */
	};
	rootObject = 463741EA21DEAEF700198481 /* Project object */;
}
